// !$*UTF8*$!
{
	archiveVersion = 1;
	classes = {
	};
	objectVersion = 46;
	objects = {

/* Begin PBXBuildFile section */
		1D3623260D0F684500981E51 /* iWRadioAppDelegate.m in Sources */ = {isa = PBXBuildFile; fileRef = 1D3623250D0F684500981E51 /* iWRadioAppDelegate.m */; };
		1D60589B0D05DD56006BFB54 /* main.m in Sources */ = {isa = PBXBuildFile; fileRef = 29B97316FDCFA39411CA2CEA /* main.m */; };
		BB09B6B3115BF31200B854A2 /* MainWindow.xib in Resources */ = {isa = PBXBuildFile; fileRef = BB09B6B2115BF31200B854A2 /* MainWindow.xib */; };
		BB09B731115BFAB800B854A2 /* correo.png in Resources */ = {isa = PBXBuildFile; fileRef = BB09B730115BFAB800B854A2 /* correo.png */; };
		BB09B8DA115C2C5300B854A2 /* expedicion290.png in Resources */ = {isa = PBXBuildFile; fileRef = BB09B8D9115C2C5300B854A2 /* expedicion290.png */; };
		BB09B8DC115C2CF600B854A2 /* teen3290.png in Resources */ = {isa = PBXBuildFile; fileRef = BB09B8DB115C2CF600B854A2 /* teen3290.png */; };
		BB09B8DE115C2EF000B854A2 /* pareja.png in Resources */ = {isa = PBXBuildFile; fileRef = BB09B8DD115C2EF000B854A2 /* pareja.png */; };
		BB09B8E0115C2F9700B854A2 /* todos.png in Resources */ = {isa = PBXBuildFile; fileRef = BB09B8DF115C2F9700B854A2 /* todos.png */; };
		BB0D0B291147089B007B5F50 /* cocina.png in Resources */ = {isa = PBXBuildFile; fileRef = BB0D0B1D1147089B007B5F50 /* cocina.png */; };
		BB0D0B2A1147089B007B5F50 /* economía.png in Resources */ = {isa = PBXBuildFile; fileRef = BB0D0B1E1147089B007B5F50 /* economía.png */; };
		BB0D0B2B1147089B007B5F50 /* internacional.png in Resources */ = {isa = PBXBuildFile; fileRef = BB0D0B1F1147089B007B5F50 /* internacional.png */; };
		BB0D0B2C1147089B007B5F50 /* judicial.png in Resources */ = {isa = PBXBuildFile; fileRef = BB0D0B201147089B007B5F50 /* judicial.png */; };
		BB0D0B2D1147089B007B5F50 /* pausebutton.png in Resources */ = {isa = PBXBuildFile; fileRef = BB0D0B211147089B007B5F50 /* pausebutton.png */; };
		BB0D0B2E1147089B007B5F50 /* playbutton.png in Resources */ = {isa = PBXBuildFile; fileRef = BB0D0B221147089B007B5F50 /* playbutton.png */; };
		BB0D0B2F1147089B007B5F50 /* radio_fondo.png in Resources */ = {isa = PBXBuildFile; fileRef = BB0D0B231147089B007B5F50 /* radio_fondo.png */; };
		BB0D0B301147089B007B5F50 /* radio.png in Resources */ = {isa = PBXBuildFile; fileRef = BB0D0B241147089B007B5F50 /* radio.png */; };
		BB0D0B311147089B007B5F50 /* tabbar.png in Resources */ = {isa = PBXBuildFile; fileRef = BB0D0B251147089B007B5F50 /* tabbar.png */; };
		BB0D0B321147089B007B5F50 /* wradio_2_small.png in Resources */ = {isa = PBXBuildFile; fileRef = BB0D0B261147089B007B5F50 /* wradio_2_small.png */; };
		BB0D0B331147089B007B5F50 /* wradio_banner.png in Resources */ = {isa = PBXBuildFile; fileRef = BB0D0B271147089B007B5F50 /* wradio_banner.png */; };
		BB0D0B341147089B007B5F50 /* wradio.png in Resources */ = {isa = PBXBuildFile; fileRef = BB0D0B281147089B007B5F50 /* wradio.png */; };
		BB0D0B5B11470960007B5F50 /* Feed.m in Sources */ = {isa = PBXBuildFile; fileRef = BB0D0B5A11470960007B5F50 /* Feed.m */; };
		BB0D0B5F114709A4007B5F50 /* RssLoader.m in Sources */ = {isa = PBXBuildFile; fileRef = BB0D0B5E114709A4007B5F50 /* RssLoader.m */; };
		BB0D0BA111470F58007B5F50 /* AudioToolbox.framework in Frameworks */ = {isa = PBXBuildFile; fileRef = BB0D0BA011470F58007B5F50 /* AudioToolbox.framework */; };
		BB0D0C5911471AD3007B5F50 /* RssViewController.m in Sources */ = {isa = PBXBuildFile; fileRef = BB0D0C5711471AD3007B5F50 /* RssViewController.m */; };
		BB0D0C5A11471AD3007B5F50 /* RssViewController.xib in Resources */ = {isa = PBXBuildFile; fileRef = BB0D0C5811471AD3007B5F50 /* RssViewController.xib */; };
		BB0D0C82114721C8007B5F50 /* categorias.plist in Resources */ = {isa = PBXBuildFile; fileRef = BB0D0C81114721C8007B5F50 /* categorias.plist */; };
		BB0D0CC21147276E007B5F50 /* RadioViewController.m in Sources */ = {isa = PBXBuildFile; fileRef = BB0D0CC11147276E007B5F50 /* RadioViewController.m */; };
		BB0D0CC4114727A4007B5F50 /* RadioViewController.xib in Resources */ = {isa = PBXBuildFile; fileRef = BB0D0CC3114727A4007B5F50 /* RadioViewController.xib */; };
		BB169A19115373330074A910 /* deportes.png in Resources */ = {isa = PBXBuildFile; fileRef = BB169A16115373320074A910 /* deportes.png */; };
		BB169A1B115373330074A910 /* sociedad.png in Resources */ = {isa = PBXBuildFile; fileRef = BB169A18115373320074A910 /* sociedad.png */; };
		BB169A1D115373680074A910 /* actualidad.png in Resources */ = {isa = PBXBuildFile; fileRef = BB169A1C115373680074A910 /* actualidad.png */; };
		BB1DFA89115825B3000E6020 /* tabbar2.png in Resources */ = {isa = PBXBuildFile; fileRef = BB1DFA88115825B3000E6020 /* tabbar2.png */; };
		BB3B1AA6115AD7DE00986B1B /* iwradio.xcdatamodel in Sources */ = {isa = PBXBuildFile; fileRef = BB3B1AA5115AD7DE00986B1B /* iwradio.xcdatamodel */; };
		BB3B70B71146F1D700BAE6C2 /* CFNetwork.framework in Frameworks */ = {isa = PBXBuildFile; fileRef = BB3B70B61146F1D700BAE6C2 /* CFNetwork.framework */; settings = {ATTRIBUTES = (Required, ); }; };
		BB3B70BB1146F1D700BAE6C2 /* CoreData.framework in Frameworks */ = {isa = PBXBuildFile; fileRef = BB3B70BA1146F1D700BAE6C2 /* CoreData.framework */; settings = {ATTRIBUTES = (Required, ); }; };
		BB3B70BD1146F1D700BAE6C2 /* CoreGraphics.framework in Frameworks */ = {isa = PBXBuildFile; fileRef = BB3B70BC1146F1D700BAE6C2 /* CoreGraphics.framework */; settings = {ATTRIBUTES = (Required, ); }; };
		BB3B70BF1146F1D700BAE6C2 /* MediaPlayer.framework in Frameworks */ = {isa = PBXBuildFile; fileRef = BB3B70BE1146F1D700BAE6C2 /* MediaPlayer.framework */; settings = {ATTRIBUTES = (Required, ); }; };
		BB3B70C31146F1D700BAE6C2 /* QuartzCore.framework in Frameworks */ = {isa = PBXBuildFile; fileRef = BB3B70C21146F1D700BAE6C2 /* QuartzCore.framework */; settings = {ATTRIBUTES = (Required, ); }; };
		BB3B70C51146F1D700BAE6C2 /* UIKit.framework in Frameworks */ = {isa = PBXBuildFile; fileRef = BB3B70C41146F1D700BAE6C2 /* UIKit.framework */; settings = {ATTRIBUTES = (Required, ); }; };
		BB3B70E51146F24900BAE6C2 /* Foundation.framework in Frameworks */ = {isa = PBXBuildFile; fileRef = BB3B70E41146F24900BAE6C2 /* Foundation.framework */; settings = {ATTRIBUTES = (Required, ); }; };
		BB458BD8114D16CB00263CBF /* angelcolor290.png in Resources */ = {isa = PBXBuildFile; fileRef = BB458BCD114D16CA00263CBF /* angelcolor290.png */; };
		BB458BD9114D16CB00263CBF /* edu290.png in Resources */ = {isa = PBXBuildFile; fileRef = BB458BCE114D16CA00263CBF /* edu290.png */; };
		BB458BDA114D16CB00263CBF /* hoyxhoy_1_290290.png in Resources */ = {isa = PBXBuildFile; fileRef = BB458BCF114D16CA00263CBF /* hoyxhoy_1_290290.png */; };
		BB458BDB114D16CB00263CBF /* kike290.png in Resources */ = {isa = PBXBuildFile; fileRef = BB458BD0114D16CA00263CBF /* kike290.png */; };
		BB458BDC114D16CB00263CBF /* leonelcolor290.png in Resources */ = {isa = PBXBuildFile; fileRef = BB458BD1114D16CA00263CBF /* leonelcolor290.png */; };
		BB458BDD114D16CB00263CBF /* leonkra290.png in Resources */ = {isa = PBXBuildFile; fileRef = BB458BD2114D16CA00263CBF /* leonkra290.png */; };
		BB458BDE114D16CB00263CBF /* martha290.png in Resources */ = {isa = PBXBuildFile; fileRef = BB458BD3114D16CA00263CBF /* martha290.png */; };
		BB458BDF114D16CB00263CBF /* pacho290.png in Resources */ = {isa = PBXBuildFile; fileRef = BB458BD4114D16CA00263CBF /* pacho290.png */; };
		BB458BE0114D16CB00263CBF /* poza290.png in Resources */ = {isa = PBXBuildFile; fileRef = BB458BD5114D16CA00263CBF /* poza290.png */; };
		BB458BE1114D16CB00263CBF /* rive290.png in Resources */ = {isa = PBXBuildFile; fileRef = BB458BD6114D16CA00263CBF /* rive290.png */; };
		BB458BE2114D16CB00263CBF /* salvador290.png in Resources */ = {isa = PBXBuildFile; fileRef = BB458BD7114D16CA00263CBF /* salvador290.png */; };
		BB458BE4114D16D900263CBF /* podcasts.plist in Resources */ = {isa = PBXBuildFile; fileRef = BB458BE3114D16D900263CBF /* podcasts.plist */; };
		BB556294127DC7AA00CC3B66 /* CXMLDocument_PrivateExtensions.m in Sources */ = {isa = PBXBuildFile; fileRef = BB556282127DC7AA00CC3B66 /* CXMLDocument_PrivateExtensions.m */; };
		BB556295127DC7AA00CC3B66 /* CXMLDocument.m in Sources */ = {isa = PBXBuildFile; fileRef = BB556284127DC7AA00CC3B66 /* CXMLDocument.m */; };
		BB556296127DC7AA00CC3B66 /* CXMLElement_CreationExtensions.m in Sources */ = {isa = PBXBuildFile; fileRef = BB556286127DC7AA00CC3B66 /* CXMLElement_CreationExtensions.m */; };
		BB556297127DC7AA00CC3B66 /* CXMLElement_ElementTreeExtensions.m in Sources */ = {isa = PBXBuildFile; fileRef = BB556288127DC7AA00CC3B66 /* CXMLElement_ElementTreeExtensions.m */; };
		BB556298127DC7AA00CC3B66 /* CXMLElement.m in Sources */ = {isa = PBXBuildFile; fileRef = BB55628A127DC7AA00CC3B66 /* CXMLElement.m */; };
		BB556299127DC7AA00CC3B66 /* CXMLNamespaceNode.m in Sources */ = {isa = PBXBuildFile; fileRef = BB55628C127DC7AA00CC3B66 /* CXMLNamespaceNode.m */; };
		BB55629A127DC7AA00CC3B66 /* CXMLNode_PrivateExtensions.m in Sources */ = {isa = PBXBuildFile; fileRef = BB55628E127DC7AA00CC3B66 /* CXMLNode_PrivateExtensions.m */; };
		BB55629B127DC7AA00CC3B66 /* CXMLNode_XPathExtensions.m in Sources */ = {isa = PBXBuildFile; fileRef = BB556290127DC7AA00CC3B66 /* CXMLNode_XPathExtensions.m */; };
		BB55629C127DC7AA00CC3B66 /* CXMLNode.m in Sources */ = {isa = PBXBuildFile; fileRef = BB556292127DC7AA00CC3B66 /* CXMLNode.m */; };
		BB5562A1127DC7BC00CC3B66 /* CXMLDocument_CreationExtensions.m in Sources */ = {isa = PBXBuildFile; fileRef = BB55629E127DC7BC00CC3B66 /* CXMLDocument_CreationExtensions.m */; };
		BB5562A2127DC7BC00CC3B66 /* CXMLNode_CreationExtensions.m in Sources */ = {isa = PBXBuildFile; fileRef = BB5562A0127DC7BC00CC3B66 /* CXMLNode_CreationExtensions.m */; };
		BB556387127DD2DA00CC3B66 /* CTidy.m in Sources */ = {isa = PBXBuildFile; fileRef = BB556386127DD2DA00CC3B66 /* CTidy.m */; };
		BB747A3A121D9A1800E65AEA /* MBProgressHUD.m in Sources */ = {isa = PBXBuildFile; fileRef = BB747A39121D9A1800E65AEA /* MBProgressHUD.m */; };
		BB802FE4124966BA001DEEDB /* Default.png in Resources */ = {isa = PBXBuildFile; fileRef = BB802FE3124966BA001DEEDB /* Default.png */; };
		BB91746311518F7B0005425C /* Entitlements.plist in Resources */ = {isa = PBXBuildFile; fileRef = BB91746211518F7B0005425C /* Entitlements.plist */; };
		BBA4DBC4114D519200A8FD0A /* ThePodcastViewController.m in Sources */ = {isa = PBXBuildFile; fileRef = BBA4DBC2114D519200A8FD0A /* ThePodcastViewController.m */; };
		BBA4DBC5114D519200A8FD0A /* ThePodcastViewController.xib in Resources */ = {isa = PBXBuildFile; fileRef = BBA4DBC3114D519200A8FD0A /* ThePodcastViewController.xib */; };
		BBAEDBB9115A9925008FBC48 /* MessageUI.framework in Frameworks */ = {isa = PBXBuildFile; fileRef = BBAEDBB8115A9925008FBC48 /* MessageUI.framework */; };
		BBAFEF96114C566F004E4620 /* DetailRssViewController.m in Sources */ = {isa = PBXBuildFile; fileRef = BBAFEF94114C566F004E4620 /* DetailRssViewController.m */; };
		BBAFEF97114C566F004E4620 /* DetailRssViewController.xib in Resources */ = {isa = PBXBuildFile; fileRef = BBAFEF95114C566F004E4620 /* DetailRssViewController.xib */; };
		BBD547911232BC6C00AEC7A0 /* smallpausebutton.png in Resources */ = {isa = PBXBuildFile; fileRef = BBD5478F1232BC6C00AEC7A0 /* smallpausebutton.png */; };
		BBD547921232BC6C00AEC7A0 /* smallplaybutton.png in Resources */ = {isa = PBXBuildFile; fileRef = BBD547901232BC6C00AEC7A0 /* smallplaybutton.png */; };
		BBED458A1277567B007E2A2E /* AVFoundation.framework in Frameworks */ = {isa = PBXBuildFile; fileRef = BBED45891277567B007E2A2E /* AVFoundation.framework */; };
		BBEDE57C124153FA006C97E5 /* podcast.png in Resources */ = {isa = PBXBuildFile; fileRef = BBEDE57B124153FA006C97E5 /* podcast.png */; };
		BBEF0C87114D491800F2CF81 /* PodcastViewController.m in Sources */ = {isa = PBXBuildFile; fileRef = BBEF0C85114D491800F2CF81 /* PodcastViewController.m */; };
		BBEF0C88114D491800F2CF81 /* PodcastViewController.xib in Resources */ = {isa = PBXBuildFile; fileRef = BBEF0C86114D491800F2CF81 /* PodcastViewController.xib */; };
/* End PBXBuildFile section */

/* Begin PBXFileReference section */
		1D3623240D0F684500981E51 /* iWRadioAppDelegate.h */ = {isa = PBXFileReference; fileEncoding = 4; lastKnownFileType = sourcecode.c.h; path = iWRadioAppDelegate.h; sourceTree = "<group>"; };
		1D3623250D0F684500981E51 /* iWRadioAppDelegate.m */ = {isa = PBXFileReference; fileEncoding = 4; lastKnownFileType = sourcecode.c.objc; path = iWRadioAppDelegate.m; sourceTree = "<group>"; };
		1D6058910D05DD3D006BFB54 /* iWRadio.app */ = {isa = PBXFileReference; explicitFileType = wrapper.application; includeInIndex = 0; path = iWRadio.app; sourceTree = BUILT_PRODUCTS_DIR; };
		29B97316FDCFA39411CA2CEA /* main.m */ = {isa = PBXFileReference; fileEncoding = 4; lastKnownFileType = sourcecode.c.objc; path = main.m; sourceTree = "<group>"; };
		32CA4F630368D1EE00C91783 /* iWRadio_Prefix.pch */ = {isa = PBXFileReference; fileEncoding = 4; lastKnownFileType = sourcecode.c.h; path = iWRadio_Prefix.pch; sourceTree = "<group>"; };
		8D1107310486CEB800E47090 /* iWRadio-Info.plist */ = {isa = PBXFileReference; fileEncoding = 4; lastKnownFileType = text.plist.xml; path = "iWRadio-Info.plist"; plistStructureDefinitionIdentifier = "com.apple.xcode.plist.structure-definition.iphone.info-plist"; sourceTree = "<group>"; };
		BB09B6B2115BF31200B854A2 /* MainWindow.xib */ = {isa = PBXFileReference; lastKnownFileType = file.xib; path = MainWindow.xib; sourceTree = "<group>"; };
		BB09B730115BFAB800B854A2 /* correo.png */ = {isa = PBXFileReference; lastKnownFileType = image.png; path = correo.png; sourceTree = "<group>"; };
		BB09B8D9115C2C5300B854A2 /* expedicion290.png */ = {isa = PBXFileReference; lastKnownFileType = image.png; path = expedicion290.png; sourceTree = "<group>"; };
		BB09B8DB115C2CF600B854A2 /* teen3290.png */ = {isa = PBXFileReference; lastKnownFileType = image.png; path = teen3290.png; sourceTree = "<group>"; };
		BB09B8DD115C2EF000B854A2 /* pareja.png */ = {isa = PBXFileReference; lastKnownFileType = image.png; path = pareja.png; sourceTree = "<group>"; };
		BB09B8DF115C2F9700B854A2 /* todos.png */ = {isa = PBXFileReference; lastKnownFileType = image.png; path = todos.png; sourceTree = "<group>"; };
		BB0D0B1D1147089B007B5F50 /* cocina.png */ = {isa = PBXFileReference; lastKnownFileType = image.png; path = cocina.png; sourceTree = "<group>"; };
		BB0D0B1E1147089B007B5F50 /* economía.png */ = {isa = PBXFileReference; lastKnownFileType = image.png; path = "economía.png"; sourceTree = "<group>"; };
		BB0D0B1F1147089B007B5F50 /* internacional.png */ = {isa = PBXFileReference; lastKnownFileType = image.png; path = internacional.png; sourceTree = "<group>"; };
		BB0D0B201147089B007B5F50 /* judicial.png */ = {isa = PBXFileReference; lastKnownFileType = image.png; path = judicial.png; sourceTree = "<group>"; };
		BB0D0B211147089B007B5F50 /* pausebutton.png */ = {isa = PBXFileReference; lastKnownFileType = image.png; path = pausebutton.png; sourceTree = "<group>"; };
		BB0D0B221147089B007B5F50 /* playbutton.png */ = {isa = PBXFileReference; lastKnownFileType = image.png; path = playbutton.png; sourceTree = "<group>"; };
		BB0D0B231147089B007B5F50 /* radio_fondo.png */ = {isa = PBXFileReference; lastKnownFileType = image.png; path = radio_fondo.png; sourceTree = "<group>"; };
		BB0D0B241147089B007B5F50 /* radio.png */ = {isa = PBXFileReference; lastKnownFileType = image.png; path = radio.png; sourceTree = "<group>"; };
		BB0D0B251147089B007B5F50 /* tabbar.png */ = {isa = PBXFileReference; lastKnownFileType = image.png; path = tabbar.png; sourceTree = "<group>"; };
		BB0D0B261147089B007B5F50 /* wradio_2_small.png */ = {isa = PBXFileReference; lastKnownFileType = image.png; path = wradio_2_small.png; sourceTree = "<group>"; };
		BB0D0B271147089B007B5F50 /* wradio_banner.png */ = {isa = PBXFileReference; lastKnownFileType = image.png; path = wradio_banner.png; sourceTree = "<group>"; };
		BB0D0B281147089B007B5F50 /* wradio.png */ = {isa = PBXFileReference; lastKnownFileType = image.png; path = wradio.png; sourceTree = "<group>"; };
		BB0D0B5911470960007B5F50 /* Feed.h */ = {isa = PBXFileReference; fileEncoding = 4; lastKnownFileType = sourcecode.c.h; path = Feed.h; sourceTree = "<group>"; };
		BB0D0B5A11470960007B5F50 /* Feed.m */ = {isa = PBXFileReference; fileEncoding = 4; lastKnownFileType = sourcecode.c.objc; path = Feed.m; sourceTree = "<group>"; };
		BB0D0B5D114709A4007B5F50 /* RssLoader.h */ = {isa = PBXFileReference; fileEncoding = 4; lastKnownFileType = sourcecode.c.h; path = RssLoader.h; sourceTree = "<group>"; };
		BB0D0B5E114709A4007B5F50 /* RssLoader.m */ = {isa = PBXFileReference; fileEncoding = 4; lastKnownFileType = sourcecode.c.objc; path = RssLoader.m; sourceTree = "<group>"; };
		BB0D0BA011470F58007B5F50 /* AudioToolbox.framework */ = {isa = PBXFileReference; lastKnownFileType = wrapper.framework; name = AudioToolbox.framework; path = System/Library/Frameworks/AudioToolbox.framework; sourceTree = SDKROOT; };
		BB0D0C5611471AD3007B5F50 /* RssViewController.h */ = {isa = PBXFileReference; fileEncoding = 4; lastKnownFileType = sourcecode.c.h; path = RssViewController.h; sourceTree = "<group>"; };
		BB0D0C5711471AD3007B5F50 /* RssViewController.m */ = {isa = PBXFileReference; fileEncoding = 4; lastKnownFileType = sourcecode.c.objc; path = RssViewController.m; sourceTree = "<group>"; };
		BB0D0C5811471AD3007B5F50 /* RssViewController.xib */ = {isa = PBXFileReference; lastKnownFileType = file.xib; name = RssViewController.xib; path = Classes/RssViewController.xib; sourceTree = "<group>"; };
		BB0D0C81114721C8007B5F50 /* categorias.plist */ = {isa = PBXFileReference; fileEncoding = 4; lastKnownFileType = text.plist.xml; path = categorias.plist; sourceTree = "<group>"; };
		BB0D0CC01147276E007B5F50 /* RadioViewController.h */ = {isa = PBXFileReference; fileEncoding = 4; lastKnownFileType = sourcecode.c.h; path = RadioViewController.h; sourceTree = "<group>"; };
		BB0D0CC11147276E007B5F50 /* RadioViewController.m */ = {isa = PBXFileReference; fileEncoding = 4; lastKnownFileType = sourcecode.c.objc; path = RadioViewController.m; sourceTree = "<group>"; };
		BB0D0CC3114727A4007B5F50 /* RadioViewController.xib */ = {isa = PBXFileReference; lastKnownFileType = file.xib; name = RadioViewController.xib; path = Classes/RadioViewController.xib; sourceTree = "<group>"; };
		BB169A16115373320074A910 /* deportes.png */ = {isa = PBXFileReference; lastKnownFileType = image.png; path = deportes.png; sourceTree = "<group>"; };
		BB169A18115373320074A910 /* sociedad.png */ = {isa = PBXFileReference; lastKnownFileType = image.png; path = sociedad.png; sourceTree = "<group>"; };
		BB169A1C115373680074A910 /* actualidad.png */ = {isa = PBXFileReference; lastKnownFileType = image.png; path = actualidad.png; sourceTree = "<group>"; };
		BB1DFA88115825B3000E6020 /* tabbar2.png */ = {isa = PBXFileReference; lastKnownFileType = image.png; path = tabbar2.png; sourceTree = "<group>"; };
		BB3B1AA5115AD7DE00986B1B /* iwradio.xcdatamodel */ = {isa = PBXFileReference; fileEncoding = 4; lastKnownFileType = wrapper.xcdatamodel; path = iwradio.xcdatamodel; sourceTree = "<group>"; };
		BB3B70B61146F1D700BAE6C2 /* CFNetwork.framework */ = {isa = PBXFileReference; lastKnownFileType = wrapper.framework; name = CFNetwork.framework; path = System/Library/Frameworks/CFNetwork.framework; sourceTree = SDKROOT; };
		BB3B70BA1146F1D700BAE6C2 /* CoreData.framework */ = {isa = PBXFileReference; lastKnownFileType = wrapper.framework; name = CoreData.framework; path = System/Library/Frameworks/CoreData.framework; sourceTree = SDKROOT; };
		BB3B70BC1146F1D700BAE6C2 /* CoreGraphics.framework */ = {isa = PBXFileReference; lastKnownFileType = wrapper.framework; name = CoreGraphics.framework; path = System/Library/Frameworks/CoreGraphics.framework; sourceTree = SDKROOT; };
		BB3B70BE1146F1D700BAE6C2 /* MediaPlayer.framework */ = {isa = PBXFileReference; lastKnownFileType = wrapper.framework; name = MediaPlayer.framework; path = System/Library/Frameworks/MediaPlayer.framework; sourceTree = SDKROOT; };
		BB3B70C21146F1D700BAE6C2 /* QuartzCore.framework */ = {isa = PBXFileReference; lastKnownFileType = wrapper.framework; name = QuartzCore.framework; path = System/Library/Frameworks/QuartzCore.framework; sourceTree = SDKROOT; };
		BB3B70C41146F1D700BAE6C2 /* UIKit.framework */ = {isa = PBXFileReference; lastKnownFileType = wrapper.framework; name = UIKit.framework; path = System/Library/Frameworks/UIKit.framework; sourceTree = SDKROOT; };
		BB3B70E41146F24900BAE6C2 /* Foundation.framework */ = {isa = PBXFileReference; lastKnownFileType = wrapper.framework; name = Foundation.framework; path = System/Library/Frameworks/Foundation.framework; sourceTree = SDKROOT; };
		BB458BCD114D16CA00263CBF /* angelcolor290.png */ = {isa = PBXFileReference; lastKnownFileType = image.png; path = angelcolor290.png; sourceTree = "<group>"; };
		BB458BCE114D16CA00263CBF /* edu290.png */ = {isa = PBXFileReference; lastKnownFileType = image.png; path = edu290.png; sourceTree = "<group>"; };
		BB458BCF114D16CA00263CBF /* hoyxhoy_1_290290.png */ = {isa = PBXFileReference; lastKnownFileType = image.png; path = hoyxhoy_1_290290.png; sourceTree = "<group>"; };
		BB458BD0114D16CA00263CBF /* kike290.png */ = {isa = PBXFileReference; lastKnownFileType = image.png; path = kike290.png; sourceTree = "<group>"; };
		BB458BD1114D16CA00263CBF /* leonelcolor290.png */ = {isa = PBXFileReference; lastKnownFileType = image.png; path = leonelcolor290.png; sourceTree = "<group>"; };
		BB458BD2114D16CA00263CBF /* leonkra290.png */ = {isa = PBXFileReference; lastKnownFileType = image.png; path = leonkra290.png; sourceTree = "<group>"; };
		BB458BD3114D16CA00263CBF /* martha290.png */ = {isa = PBXFileReference; lastKnownFileType = image.png; path = martha290.png; sourceTree = "<group>"; };
		BB458BD4114D16CA00263CBF /* pacho290.png */ = {isa = PBXFileReference; lastKnownFileType = image.png; path = pacho290.png; sourceTree = "<group>"; };
		BB458BD5114D16CA00263CBF /* poza290.png */ = {isa = PBXFileReference; lastKnownFileType = image.png; path = poza290.png; sourceTree = "<group>"; };
		BB458BD6114D16CA00263CBF /* rive290.png */ = {isa = PBXFileReference; lastKnownFileType = image.png; path = rive290.png; sourceTree = "<group>"; };
		BB458BD7114D16CA00263CBF /* salvador290.png */ = {isa = PBXFileReference; lastKnownFileType = image.png; path = salvador290.png; sourceTree = "<group>"; };
		BB458BE3114D16D900263CBF /* podcasts.plist */ = {isa = PBXFileReference; fileEncoding = 4; lastKnownFileType = text.plist.xml; path = podcasts.plist; sourceTree = "<group>"; };
		BB556281127DC7AA00CC3B66 /* CXMLDocument_PrivateExtensions.h */ = {isa = PBXFileReference; fileEncoding = 4; lastKnownFileType = sourcecode.c.h; path = CXMLDocument_PrivateExtensions.h; sourceTree = "<group>"; };
		BB556282127DC7AA00CC3B66 /* CXMLDocument_PrivateExtensions.m */ = {isa = PBXFileReference; fileEncoding = 4; lastKnownFileType = sourcecode.c.objc; path = CXMLDocument_PrivateExtensions.m; sourceTree = "<group>"; };
		BB556283127DC7AA00CC3B66 /* CXMLDocument.h */ = {isa = PBXFileReference; fileEncoding = 4; lastKnownFileType = sourcecode.c.h; path = CXMLDocument.h; sourceTree = "<group>"; };
		BB556284127DC7AA00CC3B66 /* CXMLDocument.m */ = {isa = PBXFileReference; fileEncoding = 4; lastKnownFileType = sourcecode.c.objc; path = CXMLDocument.m; sourceTree = "<group>"; };
		BB556285127DC7AA00CC3B66 /* CXMLElement_CreationExtensions.h */ = {isa = PBXFileReference; fileEncoding = 4; lastKnownFileType = sourcecode.c.h; path = CXMLElement_CreationExtensions.h; sourceTree = "<group>"; };
		BB556286127DC7AA00CC3B66 /* CXMLElement_CreationExtensions.m */ = {isa = PBXFileReference; fileEncoding = 4; lastKnownFileType = sourcecode.c.objc; path = CXMLElement_CreationExtensions.m; sourceTree = "<group>"; };
		BB556287127DC7AA00CC3B66 /* CXMLElement_ElementTreeExtensions.h */ = {isa = PBXFileReference; fileEncoding = 4; lastKnownFileType = sourcecode.c.h; path = CXMLElement_ElementTreeExtensions.h; sourceTree = "<group>"; };
		BB556288127DC7AA00CC3B66 /* CXMLElement_ElementTreeExtensions.m */ = {isa = PBXFileReference; fileEncoding = 4; lastKnownFileType = sourcecode.c.objc; path = CXMLElement_ElementTreeExtensions.m; sourceTree = "<group>"; };
		BB556289127DC7AA00CC3B66 /* CXMLElement.h */ = {isa = PBXFileReference; fileEncoding = 4; lastKnownFileType = sourcecode.c.h; path = CXMLElement.h; sourceTree = "<group>"; };
		BB55628A127DC7AA00CC3B66 /* CXMLElement.m */ = {isa = PBXFileReference; fileEncoding = 4; lastKnownFileType = sourcecode.c.objc; path = CXMLElement.m; sourceTree = "<group>"; };
		BB55628B127DC7AA00CC3B66 /* CXMLNamespaceNode.h */ = {isa = PBXFileReference; fileEncoding = 4; lastKnownFileType = sourcecode.c.h; path = CXMLNamespaceNode.h; sourceTree = "<group>"; };
		BB55628C127DC7AA00CC3B66 /* CXMLNamespaceNode.m */ = {isa = PBXFileReference; fileEncoding = 4; lastKnownFileType = sourcecode.c.objc; path = CXMLNamespaceNode.m; sourceTree = "<group>"; };
		BB55628D127DC7AA00CC3B66 /* CXMLNode_PrivateExtensions.h */ = {isa = PBXFileReference; fileEncoding = 4; lastKnownFileType = sourcecode.c.h; path = CXMLNode_PrivateExtensions.h; sourceTree = "<group>"; };
		BB55628E127DC7AA00CC3B66 /* CXMLNode_PrivateExtensions.m */ = {isa = PBXFileReference; fileEncoding = 4; lastKnownFileType = sourcecode.c.objc; path = CXMLNode_PrivateExtensions.m; sourceTree = "<group>"; };
		BB55628F127DC7AA00CC3B66 /* CXMLNode_XPathExtensions.h */ = {isa = PBXFileReference; fileEncoding = 4; lastKnownFileType = sourcecode.c.h; path = CXMLNode_XPathExtensions.h; sourceTree = "<group>"; };
		BB556290127DC7AA00CC3B66 /* CXMLNode_XPathExtensions.m */ = {isa = PBXFileReference; fileEncoding = 4; lastKnownFileType = sourcecode.c.objc; path = CXMLNode_XPathExtensions.m; sourceTree = "<group>"; };
		BB556291127DC7AA00CC3B66 /* CXMLNode.h */ = {isa = PBXFileReference; fileEncoding = 4; lastKnownFileType = sourcecode.c.h; path = CXMLNode.h; sourceTree = "<group>"; };
		BB556292127DC7AA00CC3B66 /* CXMLNode.m */ = {isa = PBXFileReference; fileEncoding = 4; lastKnownFileType = sourcecode.c.objc; path = CXMLNode.m; sourceTree = "<group>"; };
		BB556293127DC7AA00CC3B66 /* TouchXML.h */ = {isa = PBXFileReference; fileEncoding = 4; lastKnownFileType = sourcecode.c.h; path = TouchXML.h; sourceTree = "<group>"; };
		BB55629D127DC7BC00CC3B66 /* CXMLDocument_CreationExtensions.h */ = {isa = PBXFileReference; fileEncoding = 4; lastKnownFileType = sourcecode.c.h; path = CXMLDocument_CreationExtensions.h; sourceTree = "<group>"; };
		BB55629E127DC7BC00CC3B66 /* CXMLDocument_CreationExtensions.m */ = {isa = PBXFileReference; fileEncoding = 4; lastKnownFileType = sourcecode.c.objc; path = CXMLDocument_CreationExtensions.m; sourceTree = "<group>"; };
		BB55629F127DC7BC00CC3B66 /* CXMLNode_CreationExtensions.h */ = {isa = PBXFileReference; fileEncoding = 4; lastKnownFileType = sourcecode.c.h; path = CXMLNode_CreationExtensions.h; sourceTree = "<group>"; };
		BB5562A0127DC7BC00CC3B66 /* CXMLNode_CreationExtensions.m */ = {isa = PBXFileReference; fileEncoding = 4; lastKnownFileType = sourcecode.c.objc; path = CXMLNode_CreationExtensions.m; sourceTree = "<group>"; };
		BB556385127DD2DA00CC3B66 /* CTidy.h */ = {isa = PBXFileReference; fileEncoding = 4; lastKnownFileType = sourcecode.c.h; path = CTidy.h; sourceTree = "<group>"; };
		BB556386127DD2DA00CC3B66 /* CTidy.m */ = {isa = PBXFileReference; fileEncoding = 4; lastKnownFileType = sourcecode.c.objc; path = CTidy.m; sourceTree = "<group>"; };
		BB747A38121D9A1800E65AEA /* MBProgressHUD.h */ = {isa = PBXFileReference; fileEncoding = 4; lastKnownFileType = sourcecode.c.h; name = MBProgressHUD.h; path = ../MBProgressHUD.h; sourceTree = "<group>"; };
		BB747A39121D9A1800E65AEA /* MBProgressHUD.m */ = {isa = PBXFileReference; fileEncoding = 4; lastKnownFileType = sourcecode.c.objc; name = MBProgressHUD.m; path = ../MBProgressHUD.m; sourceTree = "<group>"; };
		BB802FE3124966BA001DEEDB /* Default.png */ = {isa = PBXFileReference; lastKnownFileType = image.png; path = Default.png; sourceTree = "<group>"; };
		BB91746211518F7B0005425C /* Entitlements.plist */ = {isa = PBXFileReference; fileEncoding = 4; lastKnownFileType = text.plist.xml; path = Entitlements.plist; plistStructureDefinitionIdentifier = "com.apple.xcode.plist.structure-definition.iphone.entitlements"; sourceTree = "<group>"; };
		BBA4DBC1114D519200A8FD0A /* ThePodcastViewController.h */ = {isa = PBXFileReference; fileEncoding = 4; lastKnownFileType = sourcecode.c.h; path = ThePodcastViewController.h; sourceTree = "<group>"; };
		BBA4DBC2114D519200A8FD0A /* ThePodcastViewController.m */ = {isa = PBXFileReference; fileEncoding = 4; lastKnownFileType = sourcecode.c.objc; path = ThePodcastViewController.m; sourceTree = "<group>"; };
		BBA4DBC3114D519200A8FD0A /* ThePodcastViewController.xib */ = {isa = PBXFileReference; lastKnownFileType = file.xib; name = ThePodcastViewController.xib; path = Classes/ThePodcastViewController.xib; sourceTree = "<group>"; };
		BBAEDBB8115A9925008FBC48 /* MessageUI.framework */ = {isa = PBXFileReference; lastKnownFileType = wrapper.framework; name = MessageUI.framework; path = System/Library/Frameworks/MessageUI.framework; sourceTree = SDKROOT; };
		BBAFEF93114C566F004E4620 /* DetailRssViewController.h */ = {isa = PBXFileReference; fileEncoding = 4; lastKnownFileType = sourcecode.c.h; path = DetailRssViewController.h; sourceTree = "<group>"; };
		BBAFEF94114C566F004E4620 /* DetailRssViewController.m */ = {isa = PBXFileReference; fileEncoding = 4; lastKnownFileType = sourcecode.c.objc; path = DetailRssViewController.m; sourceTree = "<group>"; };
		BBAFEF95114C566F004E4620 /* DetailRssViewController.xib */ = {isa = PBXFileReference; lastKnownFileType = file.xib; name = DetailRssViewController.xib; path = Classes/DetailRssViewController.xib; sourceTree = "<group>"; };
		BBD5478F1232BC6C00AEC7A0 /* smallpausebutton.png */ = {isa = PBXFileReference; lastKnownFileType = image.png; path = smallpausebutton.png; sourceTree = "<group>"; };
		BBD547901232BC6C00AEC7A0 /* smallplaybutton.png */ = {isa = PBXFileReference; lastKnownFileType = image.png; path = smallplaybutton.png; sourceTree = "<group>"; };
		BBED45891277567B007E2A2E /* AVFoundation.framework */ = {isa = PBXFileReference; lastKnownFileType = wrapper.framework; name = AVFoundation.framework; path = System/Library/Frameworks/AVFoundation.framework; sourceTree = SDKROOT; };
		BBEDE57B124153FA006C97E5 /* podcast.png */ = {isa = PBXFileReference; lastKnownFileType = image.png; path = podcast.png; sourceTree = "<group>"; };
		BBEF0C84114D491800F2CF81 /* PodcastViewController.h */ = {isa = PBXFileReference; fileEncoding = 4; lastKnownFileType = sourcecode.c.h; path = PodcastViewController.h; sourceTree = "<group>"; };
		BBEF0C85114D491800F2CF81 /* PodcastViewController.m */ = {isa = PBXFileReference; fileEncoding = 4; lastKnownFileType = sourcecode.c.objc; path = PodcastViewController.m; sourceTree = "<group>"; };
		BBEF0C86114D491800F2CF81 /* PodcastViewController.xib */ = {isa = PBXFileReference; lastKnownFileType = file.xib; name = PodcastViewController.xib; path = Classes/PodcastViewController.xib; sourceTree = "<group>"; };
/* End PBXFileReference section */

/* Begin PBXFrameworksBuildPhase section */
		1D60588F0D05DD3D006BFB54 /* Frameworks */ = {
			isa = PBXFrameworksBuildPhase;
			buildActionMask = 2147483647;
			files = (
				BB3B70B71146F1D700BAE6C2 /* CFNetwork.framework in Frameworks */,
				BB3B70BB1146F1D700BAE6C2 /* CoreData.framework in Frameworks */,
				BB3B70BD1146F1D700BAE6C2 /* CoreGraphics.framework in Frameworks */,
				BB3B70BF1146F1D700BAE6C2 /* MediaPlayer.framework in Frameworks */,
				BB3B70C31146F1D700BAE6C2 /* QuartzCore.framework in Frameworks */,
				BB3B70C51146F1D700BAE6C2 /* UIKit.framework in Frameworks */,
				BB3B70E51146F24900BAE6C2 /* Foundation.framework in Frameworks */,
				BB0D0BA111470F58007B5F50 /* AudioToolbox.framework in Frameworks */,
				BBAEDBB9115A9925008FBC48 /* MessageUI.framework in Frameworks */,
				BBED458A1277567B007E2A2E /* AVFoundation.framework in Frameworks */,
			);
			runOnlyForDeploymentPostprocessing = 0;
		};
/* End PBXFrameworksBuildPhase section */

/* Begin PBXGroup section */
		080E96DDFE201D6D7F000001 /* Classes */ = {
			isa = PBXGroup;
			children = (
				BB55627F127DC76700CC3B66 /* TouchXML */,
				BB0D0C5311471AB2007B5F50 /* ViewControllers */,
				BB0D0B5C11470989007B5F50 /* Helpers */,
				BB0D0B5811470946007B5F50 /* Beans */,
				1D3623240D0F684500981E51 /* iWRadioAppDelegate.h */,
				1D3623250D0F684500981E51 /* iWRadioAppDelegate.m */,
			);
			path = Classes;
			sourceTree = "<group>";
		};
		19C28FACFE9D520D11CA2CBB /* Products */ = {
			isa = PBXGroup;
			children = (
				1D6058910D05DD3D006BFB54 /* iWRadio.app */,
			);
			name = Products;
			sourceTree = "<group>";
		};
		29B97314FDCFA39411CA2CEA /* CustomTemplate */ = {
			isa = PBXGroup;
			children = (
				080E96DDFE201D6D7F000001 /* Classes */,
				29B97315FDCFA39411CA2CEA /* Other Sources */,
				29B97317FDCFA39411CA2CEA /* Resources */,
				29B97323FDCFA39411CA2CEA /* Frameworks */,
				19C28FACFE9D520D11CA2CBB /* Products */,
			);
			name = CustomTemplate;
			sourceTree = "<group>";
		};
		29B97315FDCFA39411CA2CEA /* Other Sources */ = {
			isa = PBXGroup;
			children = (
				32CA4F630368D1EE00C91783 /* iWRadio_Prefix.pch */,
				29B97316FDCFA39411CA2CEA /* main.m */,
			);
			name = "Other Sources";
			sourceTree = "<group>";
		};
		29B97317FDCFA39411CA2CEA /* Resources */ = {
			isa = PBXGroup;
			children = (
				BB09B6B2115BF31200B854A2 /* MainWindow.xib */,
				BB3B1AA5115AD7DE00986B1B /* iwradio.xcdatamodel */,
				BBA4DBC3114D519200A8FD0A /* ThePodcastViewController.xib */,
				BBEF0C86114D491800F2CF81 /* PodcastViewController.xib */,
				BB458BE3114D16D900263CBF /* podcasts.plist */,
				BB458BCC114D15C400263CBF /* podcasts */,
				BBAFEF95114C566F004E4620 /* DetailRssViewController.xib */,
				BB0D0CC3114727A4007B5F50 /* RadioViewController.xib */,
				BB0D0C5811471AD3007B5F50 /* RssViewController.xib */,
				BB3B6EFF1146EEDD00BAE6C2 /* images */,
				8D1107310486CEB800E47090 /* iWRadio-Info.plist */,
				BB0D0C81114721C8007B5F50 /* categorias.plist */,
				BB91746211518F7B0005425C /* Entitlements.plist */,
				BB802FE3124966BA001DEEDB /* Default.png */,
			);
			name = Resources;
			sourceTree = "<group>";
		};
		29B97323FDCFA39411CA2CEA /* Frameworks */ = {
			isa = PBXGroup;
			children = (
				BB3B70E41146F24900BAE6C2 /* Foundation.framework */,
				BB3B70B61146F1D700BAE6C2 /* CFNetwork.framework */,
				BB3B70BA1146F1D700BAE6C2 /* CoreData.framework */,
				BB3B70BC1146F1D700BAE6C2 /* CoreGraphics.framework */,
				BB3B70BE1146F1D700BAE6C2 /* MediaPlayer.framework */,
				BB3B70C21146F1D700BAE6C2 /* QuartzCore.framework */,
				BB3B70C41146F1D700BAE6C2 /* UIKit.framework */,
				BB0D0BA011470F58007B5F50 /* AudioToolbox.framework */,
				BBAEDBB8115A9925008FBC48 /* MessageUI.framework */,
				BBED45891277567B007E2A2E /* AVFoundation.framework */,
			);
			name = Frameworks;
			sourceTree = "<group>";
		};
		BB0D0B5811470946007B5F50 /* Beans */ = {
			isa = PBXGroup;
			children = (
				BB0D0B5911470960007B5F50 /* Feed.h */,
				BB0D0B5A11470960007B5F50 /* Feed.m */,
			);
			name = Beans;
			sourceTree = "<group>";
		};
		BB0D0B5C11470989007B5F50 /* Helpers */ = {
			isa = PBXGroup;
			children = (
				BB747A38121D9A1800E65AEA /* MBProgressHUD.h */,
				BB747A39121D9A1800E65AEA /* MBProgressHUD.m */,
				BB0D0B5D114709A4007B5F50 /* RssLoader.h */,
				BB0D0B5E114709A4007B5F50 /* RssLoader.m */,
			);
			name = Helpers;
			sourceTree = "<group>";
		};
		BB0D0C5311471AB2007B5F50 /* ViewControllers */ = {
			isa = PBXGroup;
			children = (
				BBA4DBC1114D519200A8FD0A /* ThePodcastViewController.h */,
				BBA4DBC2114D519200A8FD0A /* ThePodcastViewController.m */,
				BB0D0CC01147276E007B5F50 /* RadioViewController.h */,
				BB0D0CC11147276E007B5F50 /* RadioViewController.m */,
				BBAFEF93114C566F004E4620 /* DetailRssViewController.h */,
				BBAFEF94114C566F004E4620 /* DetailRssViewController.m */,
				BB0D0C5611471AD3007B5F50 /* RssViewController.h */,
				BB0D0C5711471AD3007B5F50 /* RssViewController.m */,
				BBEF0C84114D491800F2CF81 /* PodcastViewController.h */,
				BBEF0C85114D491800F2CF81 /* PodcastViewController.m */,
			);
			name = ViewControllers;
			sourceTree = "<group>";
		};
		BB3B6EFF1146EEDD00BAE6C2 /* images */ = {
			isa = PBXGroup;
			children = (
				BBEDE57B124153FA006C97E5 /* podcast.png */,
				BBD5478F1232BC6C00AEC7A0 /* smallpausebutton.png */,
				BBD547901232BC6C00AEC7A0 /* smallplaybutton.png */,
				BB09B730115BFAB800B854A2 /* correo.png */,
				BB1DFA88115825B3000E6020 /* tabbar2.png */,
				BB169A1C115373680074A910 /* actualidad.png */,
				BB169A16115373320074A910 /* deportes.png */,
				BB0D0B1D1147089B007B5F50 /* cocina.png */,
				BB169A18115373320074A910 /* sociedad.png */,
				BB0D0B1E1147089B007B5F50 /* economía.png */,
				BB0D0B1F1147089B007B5F50 /* internacional.png */,
				BB0D0B201147089B007B5F50 /* judicial.png */,
				BB0D0B211147089B007B5F50 /* pausebutton.png */,
				BB0D0B221147089B007B5F50 /* playbutton.png */,
				BB0D0B231147089B007B5F50 /* radio_fondo.png */,
				BB0D0B241147089B007B5F50 /* radio.png */,
				BB0D0B251147089B007B5F50 /* tabbar.png */,
				BB0D0B261147089B007B5F50 /* wradio_2_small.png */,
				BB0D0B271147089B007B5F50 /* wradio_banner.png */,
				BB0D0B281147089B007B5F50 /* wradio.png */,
			);
			name = images;
			sourceTree = "<group>";
		};
		BB458BCC114D15C400263CBF /* podcasts */ = {
			isa = PBXGroup;
			children = (
				BB09B8DF115C2F9700B854A2 /* todos.png */,
				BB09B8DD115C2EF000B854A2 /* pareja.png */,
				BB09B8DB115C2CF600B854A2 /* teen3290.png */,
				BB09B8D9115C2C5300B854A2 /* expedicion290.png */,
				BB458BCD114D16CA00263CBF /* angelcolor290.png */,
				BB458BCE114D16CA00263CBF /* edu290.png */,
				BB458BCF114D16CA00263CBF /* hoyxhoy_1_290290.png */,
				BB458BD0114D16CA00263CBF /* kike290.png */,
				BB458BD1114D16CA00263CBF /* leonelcolor290.png */,
				BB458BD2114D16CA00263CBF /* leonkra290.png */,
				BB458BD3114D16CA00263CBF /* martha290.png */,
				BB458BD4114D16CA00263CBF /* pacho290.png */,
				BB458BD5114D16CA00263CBF /* poza290.png */,
				BB458BD6114D16CA00263CBF /* rive290.png */,
				BB458BD7114D16CA00263CBF /* salvador290.png */,
			);
			name = podcasts;
			sourceTree = "<group>";
		};
		BB55627F127DC76700CC3B66 /* TouchXML */ = {
			isa = PBXGroup;
			children = (
				BB556384127DD2C500CC3B66 /* Tidy */,
				BB556281127DC7AA00CC3B66 /* CXMLDocument_PrivateExtensions.h */,
				BB556282127DC7AA00CC3B66 /* CXMLDocument_PrivateExtensions.m */,
				BB556283127DC7AA00CC3B66 /* CXMLDocument.h */,
				BB556284127DC7AA00CC3B66 /* CXMLDocument.m */,
				BB556285127DC7AA00CC3B66 /* CXMLElement_CreationExtensions.h */,
				BB556286127DC7AA00CC3B66 /* CXMLElement_CreationExtensions.m */,
				BB556287127DC7AA00CC3B66 /* CXMLElement_ElementTreeExtensions.h */,
				BB556288127DC7AA00CC3B66 /* CXMLElement_ElementTreeExtensions.m */,
				BB556289127DC7AA00CC3B66 /* CXMLElement.h */,
				BB55628A127DC7AA00CC3B66 /* CXMLElement.m */,
				BB55628B127DC7AA00CC3B66 /* CXMLNamespaceNode.h */,
				BB55628C127DC7AA00CC3B66 /* CXMLNamespaceNode.m */,
				BB55628D127DC7AA00CC3B66 /* CXMLNode_PrivateExtensions.h */,
				BB55628E127DC7AA00CC3B66 /* CXMLNode_PrivateExtensions.m */,
				BB55628F127DC7AA00CC3B66 /* CXMLNode_XPathExtensions.h */,
				BB556290127DC7AA00CC3B66 /* CXMLNode_XPathExtensions.m */,
				BB556291127DC7AA00CC3B66 /* CXMLNode.h */,
				BB556292127DC7AA00CC3B66 /* CXMLNode.m */,
				BB556293127DC7AA00CC3B66 /* TouchXML.h */,
				BB556280127DC76F00CC3B66 /* Creation */,
			);
			name = TouchXML;
			sourceTree = "<group>";
		};
		BB556280127DC76F00CC3B66 /* Creation */ = {
			isa = PBXGroup;
			children = (
				BB55629D127DC7BC00CC3B66 /* CXMLDocument_CreationExtensions.h */,
				BB55629E127DC7BC00CC3B66 /* CXMLDocument_CreationExtensions.m */,
				BB55629F127DC7BC00CC3B66 /* CXMLNode_CreationExtensions.h */,
				BB5562A0127DC7BC00CC3B66 /* CXMLNode_CreationExtensions.m */,
			);
			name = Creation;
			sourceTree = "<group>";
		};
		BB556384127DD2C500CC3B66 /* Tidy */ = {
			isa = PBXGroup;
			children = (
				BB556385127DD2DA00CC3B66 /* CTidy.h */,
				BB556386127DD2DA00CC3B66 /* CTidy.m */,
			);
			name = Tidy;
			sourceTree = "<group>";
		};
/* End PBXGroup section */

/* Begin PBXNativeTarget section */
		1D6058900D05DD3D006BFB54 /* iWRadio */ = {
			isa = PBXNativeTarget;
			buildConfigurationList = 1D6058960D05DD3E006BFB54 /* Build configuration list for PBXNativeTarget "iWRadio" */;
			buildPhases = (
				1D60588D0D05DD3D006BFB54 /* Resources */,
				1D60588E0D05DD3D006BFB54 /* Sources */,
				1D60588F0D05DD3D006BFB54 /* Frameworks */,
			);
			buildRules = (
			);
			dependencies = (
			);
			name = iWRadio;
			productName = iWRadio;
			productReference = 1D6058910D05DD3D006BFB54 /* iWRadio.app */;
			productType = "com.apple.product-type.application";
		};
/* End PBXNativeTarget section */

/* Begin PBXProject section */
		29B97313FDCFA39411CA2CEA /* Project object */ = {
			isa = PBXProject;
			attributes = {
				ORGANIZATIONNAME = mCentric;
			};
			buildConfigurationList = C01FCF4E08A954540054247B /* Build configuration list for PBXProject "iWRadio" */;
			compatibilityVersion = "Xcode 3.2";
			developmentRegion = English;
			hasScannedForEncodings = 1;
			knownRegions = (
				English,
				Japanese,
				French,
				German,
				en,
				fr,
				Spanish,
				es,
			);
			mainGroup = 29B97314FDCFA39411CA2CEA /* CustomTemplate */;
			projectDirPath = "";
			projectRoot = "";
			targets = (
				1D6058900D05DD3D006BFB54 /* iWRadio */,
			);
		};
/* End PBXProject section */

/* Begin PBXResourcesBuildPhase section */
		1D60588D0D05DD3D006BFB54 /* Resources */ = {
			isa = PBXResourcesBuildPhase;
			buildActionMask = 2147483647;
			files = (
				BB0D0B291147089B007B5F50 /* cocina.png in Resources */,
				BB0D0B2A1147089B007B5F50 /* economía.png in Resources */,
				BB0D0B2B1147089B007B5F50 /* internacional.png in Resources */,
				BB0D0B2C1147089B007B5F50 /* judicial.png in Resources */,
				BB0D0B2D1147089B007B5F50 /* pausebutton.png in Resources */,
				BB0D0B2E1147089B007B5F50 /* playbutton.png in Resources */,
				BB0D0B2F1147089B007B5F50 /* radio_fondo.png in Resources */,
				BB0D0B301147089B007B5F50 /* radio.png in Resources */,
				BB0D0B311147089B007B5F50 /* tabbar.png in Resources */,
				BB0D0B321147089B007B5F50 /* wradio_2_small.png in Resources */,
				BB0D0B331147089B007B5F50 /* wradio_banner.png in Resources */,
				BB0D0B341147089B007B5F50 /* wradio.png in Resources */,
				BB0D0C5A11471AD3007B5F50 /* RssViewController.xib in Resources */,
				BB0D0C82114721C8007B5F50 /* categorias.plist in Resources */,
				BB0D0CC4114727A4007B5F50 /* RadioViewController.xib in Resources */,
				BBAFEF97114C566F004E4620 /* DetailRssViewController.xib in Resources */,
				BB458BD8114D16CB00263CBF /* angelcolor290.png in Resources */,
				BB458BD9114D16CB00263CBF /* edu290.png in Resources */,
				BB458BDA114D16CB00263CBF /* hoyxhoy_1_290290.png in Resources */,
				BB458BDB114D16CB00263CBF /* kike290.png in Resources */,
				BB458BDC114D16CB00263CBF /* leonelcolor290.png in Resources */,
				BB458BDD114D16CB00263CBF /* leonkra290.png in Resources */,
				BB458BDE114D16CB00263CBF /* martha290.png in Resources */,
				BB458BDF114D16CB00263CBF /* pacho290.png in Resources */,
				BB458BE0114D16CB00263CBF /* poza290.png in Resources */,
				BB458BE1114D16CB00263CBF /* rive290.png in Resources */,
				BB458BE2114D16CB00263CBF /* salvador290.png in Resources */,
				BB458BE4114D16D900263CBF /* podcasts.plist in Resources */,
				BBEF0C88114D491800F2CF81 /* PodcastViewController.xib in Resources */,
				BBA4DBC5114D519200A8FD0A /* ThePodcastViewController.xib in Resources */,
				BB91746311518F7B0005425C /* Entitlements.plist in Resources */,
				BB169A19115373330074A910 /* deportes.png in Resources */,
				BB169A1B115373330074A910 /* sociedad.png in Resources */,
				BB169A1D115373680074A910 /* actualidad.png in Resources */,
				BB1DFA89115825B3000E6020 /* tabbar2.png in Resources */,
				BB09B6B3115BF31200B854A2 /* MainWindow.xib in Resources */,
				BB09B731115BFAB800B854A2 /* correo.png in Resources */,
				BB09B8DA115C2C5300B854A2 /* expedicion290.png in Resources */,
				BB09B8DC115C2CF600B854A2 /* teen3290.png in Resources */,
				BB09B8DE115C2EF000B854A2 /* pareja.png in Resources */,
				BB09B8E0115C2F9700B854A2 /* todos.png in Resources */,
				BBD547911232BC6C00AEC7A0 /* smallpausebutton.png in Resources */,
				BBD547921232BC6C00AEC7A0 /* smallplaybutton.png in Resources */,
				BBEDE57C124153FA006C97E5 /* podcast.png in Resources */,
				BB802FE4124966BA001DEEDB /* Default.png in Resources */,
			);
			runOnlyForDeploymentPostprocessing = 0;
		};
/* End PBXResourcesBuildPhase section */

/* Begin PBXSourcesBuildPhase section */
		1D60588E0D05DD3D006BFB54 /* Sources */ = {
			isa = PBXSourcesBuildPhase;
			buildActionMask = 2147483647;
			files = (
				1D60589B0D05DD56006BFB54 /* main.m in Sources */,
				1D3623260D0F684500981E51 /* iWRadioAppDelegate.m in Sources */,
				BB0D0B5B11470960007B5F50 /* Feed.m in Sources */,
				BB0D0B5F114709A4007B5F50 /* RssLoader.m in Sources */,
				BB0D0C5911471AD3007B5F50 /* RssViewController.m in Sources */,
				BB0D0CC21147276E007B5F50 /* RadioViewController.m in Sources */,
				BBAFEF96114C566F004E4620 /* DetailRssViewController.m in Sources */,
				BBEF0C87114D491800F2CF81 /* PodcastViewController.m in Sources */,
				BBA4DBC4114D519200A8FD0A /* ThePodcastViewController.m in Sources */,
				BB3B1AA6115AD7DE00986B1B /* iwradio.xcdatamodel in Sources */,
				BB747A3A121D9A1800E65AEA /* MBProgressHUD.m in Sources */,
				BB556294127DC7AA00CC3B66 /* CXMLDocument_PrivateExtensions.m in Sources */,
				BB556295127DC7AA00CC3B66 /* CXMLDocument.m in Sources */,
				BB556296127DC7AA00CC3B66 /* CXMLElement_CreationExtensions.m in Sources */,
				BB556297127DC7AA00CC3B66 /* CXMLElement_ElementTreeExtensions.m in Sources */,
				BB556298127DC7AA00CC3B66 /* CXMLElement.m in Sources */,
				BB556299127DC7AA00CC3B66 /* CXMLNamespaceNode.m in Sources */,
				BB55629A127DC7AA00CC3B66 /* CXMLNode_PrivateExtensions.m in Sources */,
				BB55629B127DC7AA00CC3B66 /* CXMLNode_XPathExtensions.m in Sources */,
				BB55629C127DC7AA00CC3B66 /* CXMLNode.m in Sources */,
				BB5562A1127DC7BC00CC3B66 /* CXMLDocument_CreationExtensions.m in Sources */,
				BB5562A2127DC7BC00CC3B66 /* CXMLNode_CreationExtensions.m in Sources */,
				BB556387127DD2DA00CC3B66 /* CTidy.m in Sources */,
			);
			runOnlyForDeploymentPostprocessing = 0;
		};
/* End PBXSourcesBuildPhase section */

/* Begin XCBuildConfiguration section */
		1D6058940D05DD3E006BFB54 /* Debug */ = {
			isa = XCBuildConfiguration;
			buildSettings = {
				ALWAYS_SEARCH_USER_PATHS = NO;
				COPY_PHASE_STRIP = NO;
				FRAMEWORK_SEARCH_PATHS = (
					"$(inherited)",
					"\"/Volumes/Skiiing2/CD/ViewBased/Unknown Path/System/Library/Frameworks\"",
				);
				GCC_DYNAMIC_NO_PIC = NO;
				GCC_OPTIMIZATION_LEVEL = 0;
				GCC_PRECOMPILE_PREFIX_HEADER = YES;
				GCC_PREFIX_HEADER = iWRadio_Prefix.pch;
				INFOPLIST_FILE = "iWRadio-Info.plist";
				LIBRARY_SEARCH_PATHS = (
					"$(inherited)",
					"\"$(SRCROOT)/Classes\"",
				);
				PRODUCT_NAME = iWRadio;
			};
			name = Debug;
		};
		1D6058950D05DD3E006BFB54 /* Release */ = {
			isa = XCBuildConfiguration;
			buildSettings = {
				ALWAYS_SEARCH_USER_PATHS = NO;
				COPY_PHASE_STRIP = YES;
				FRAMEWORK_SEARCH_PATHS = (
					"$(inherited)",
					"\"/Volumes/Skiiing2/CD/ViewBased/Unknown Path/System/Library/Frameworks\"",
				);
				GCC_PRECOMPILE_PREFIX_HEADER = YES;
				GCC_PREFIX_HEADER = iWRadio_Prefix.pch;
				INFOPLIST_FILE = "iWRadio-Info.plist";
				LIBRARY_SEARCH_PATHS = (
					"$(inherited)",
					"\"$(SRCROOT)/Classes\"",
				);
				PRODUCT_NAME = iWRadio;
			};
			name = Release;
		};
		BB3B6EA91146EB8A00BAE6C2 /* Distribution */ = {
			isa = XCBuildConfiguration;
			buildSettings = {
				ARCHS = "$(ARCHS_STANDARD_32_BIT)";
				CODE_SIGN_ENTITLEMENTS = Entitlements.plist;
				CODE_SIGN_IDENTITY = "iPhone Distribution";
				"CODE_SIGN_IDENTITY[sdk=iphoneos*]" = "iPhone Distribution: Union Radio";
				GCC_C_LANGUAGE_STANDARD = c99;
				GCC_VERSION = com.apple.compilers.llvmgcc42;
				GCC_WARN_ABOUT_RETURN_TYPE = YES;
				GCC_WARN_UNUSED_VARIABLE = YES;
				HEADER_SEARCH_PATHS = /usr/include/libxml2;
				IPHONEOS_DEPLOYMENT_TARGET = 3.1;
				OTHER_CFLAGS = "";
				OTHER_LDFLAGS = "-lxml2";
				PREBINDING = NO;
				PROVISIONING_PROFILE = "";
				"PROVISIONING_PROFILE[sdk=iphoneos*]" = "06895AEE-9E31-4817-97B0-F3C8AE47BA3D";
				SDKROOT = iphoneos4.1;
				TARGETED_DEVICE_FAMILY = 1;
			};
			name = Distribution;
		};
		BB3B6EAA1146EB8A00BAE6C2 /* Distribution */ = {
			isa = XCBuildConfiguration;
			buildSettings = {
				ALWAYS_SEARCH_USER_PATHS = NO;
				COPY_PHASE_STRIP = YES;
				FRAMEWORK_SEARCH_PATHS = (
					"$(inherited)",
					"\"/Volumes/Skiiing2/CD/ViewBased/Unknown Path/System/Library/Frameworks\"",
				);
				GCC_PRECOMPILE_PREFIX_HEADER = YES;
				GCC_PREFIX_HEADER = iWRadio_Prefix.pch;
				INFOPLIST_FILE = "iWRadio-Info.plist";
				LIBRARY_SEARCH_PATHS = (
					"$(inherited)",
					"\"$(SRCROOT)/Classes\"",
				);
				PRODUCT_NAME = iWRadio;
			};
			name = Distribution;
		};
		BB91745711518E180005425C /* Ad-Hoc */ = {
			isa = XCBuildConfiguration;
			buildSettings = {
				ARCHS = "$(ARCHS_STANDARD_32_BIT)";
				CODE_SIGN_ENTITLEMENTS = Entitlements.plist;
				CODE_SIGN_IDENTITY = "iPhone Distribution: Union Radio";
				"CODE_SIGN_IDENTITY[sdk=iphoneos*]" = "iPhone Distribution: Union Radio";
				GCC_C_LANGUAGE_STANDARD = c99;
				GCC_VERSION = com.apple.compilers.llvmgcc42;
				GCC_WARN_ABOUT_RETURN_TYPE = YES;
				GCC_WARN_UNUSED_VARIABLE = YES;
				HEADER_SEARCH_PATHS = /usr/include/libxml2;
				IPHONEOS_DEPLOYMENT_TARGET = 3.1;
				OTHER_CFLAGS = "";
				OTHER_LDFLAGS = "-lxml2";
				PREBINDING = NO;
				PRODUCT_NAME = IWRadio;
				PROVISIONING_PROFILE = "27D3EA48-F0A5-4F53-9E07-C30B80DA07FB";
				"PROVISIONING_PROFILE[sdk=iphoneos*]" = "27D3EA48-F0A5-4F53-9E07-C30B80DA07FB";
				SDKROOT = iphoneos4.1;
				TARGETED_DEVICE_FAMILY = 1;
				VALIDATE_PRODUCT = YES;
			};
			name = "Ad-Hoc";
		};
		BB91745811518E180005425C /* Ad-Hoc */ = {
			isa = XCBuildConfiguration;
			buildSettings = {
				ALWAYS_SEARCH_USER_PATHS = NO;
				COPY_PHASE_STRIP = YES;
				FRAMEWORK_SEARCH_PATHS = (
					"$(inherited)",
					"\"/Volumes/Skiiing2/CD/ViewBased/Unknown Path/System/Library/Frameworks\"",
				);
				GCC_PRECOMPILE_PREFIX_HEADER = YES;
				GCC_PREFIX_HEADER = iWRadio_Prefix.pch;
				INFOPLIST_FILE = "iWRadio-Info.plist";
				LIBRARY_SEARCH_PATHS = (
					"$(inherited)",
					"\"$(SRCROOT)/Classes\"",
				);
				PRODUCT_NAME = iWRadio;
			};
			name = "Ad-Hoc";
		};
		C01FCF4F08A954540054247B /* Debug */ = {
			isa = XCBuildConfiguration;
			buildSettings = {
				ARCHS = "$(ARCHS_STANDARD_32_BIT)";
				"CODE_SIGN_IDENTITY[sdk=iphoneos*]" = "iPhone Developer";
				GCC_C_LANGUAGE_STANDARD = c99;
				GCC_VERSION = com.apple.compilers.llvmgcc42;
				GCC_WARN_ABOUT_RETURN_TYPE = YES;
				GCC_WARN_UNUSED_VARIABLE = YES;
				HEADER_SEARCH_PATHS = /usr/include/libxml2;
				IPHONEOS_DEPLOYMENT_TARGET = 3.1;
				OTHER_CFLAGS = "";
				OTHER_LDFLAGS = "-lxml2";
				PREBINDING = NO;
				SDKROOT = iphoneos4.1;
				TARGETED_DEVICE_FAMILY = 1;
			};
			name = Debug;
		};
		C01FCF5008A954540054247B /* Release */ = {
			isa = XCBuildConfiguration;
			buildSettings = {
				ARCHS = "$(ARCHS_STANDARD_32_BIT)";
				"CODE_SIGN_IDENTITY[sdk=iphoneos*]" = "iPhone Developer";
				GCC_C_LANGUAGE_STANDARD = c99;
				GCC_VERSION = com.apple.compilers.llvmgcc42;
				GCC_WARN_ABOUT_RETURN_TYPE = YES;
				GCC_WARN_UNUSED_VARIABLE = YES;
				HEADER_SEARCH_PATHS = /usr/include/libxml2;
				IPHONEOS_DEPLOYMENT_TARGET = 3.1;
				OTHER_CFLAGS = "";
				OTHER_LDFLAGS = "-lxml2";
				PREBINDING = NO;
				SDKROOT = iphoneos4.1;
				TARGETED_DEVICE_FAMILY = 1;
			};
			name = Release;
		};
/* End XCBuildConfiguration section */

/* Begin XCConfigurationList section */
		1D6058960D05DD3E006BFB54 /* Build configuration list for PBXNativeTarget "iWRadio" */ = {
			isa = XCConfigurationList;
			buildConfigurations = (
				1D6058940D05DD3E006BFB54 /* Debug */,
				1D6058950D05DD3E006BFB54 /* Release */,
				BB3B6EAA1146EB8A00BAE6C2 /* Distribution */,
				BB91745811518E180005425C /* Ad-Hoc */,
			);
			defaultConfigurationIsVisible = 0;
			defaultConfigurationName = Release;
		};
		C01FCF4E08A954540054247B /* Build configuration list for PBXProject "iWRadio" */ = {
			isa = XCConfigurationList;
			buildConfigurations = (
				C01FCF4F08A954540054247B /* Debug */,
				C01FCF5008A954540054247B /* Release */,
				BB3B6EA91146EB8A00BAE6C2 /* Distribution */,
				BB91745711518E180005425C /* Ad-Hoc */,
			);
			defaultConfigurationIsVisible = 0;
			defaultConfigurationName = Release;
		};
/* End XCConfigurationList section */
	};
	rootObject = 29B97313FDCFA39411CA2CEA /* Project object */;
}
